
Microsoft Visual Studio Solution File, Format Version 12.00
# Visual Studio Version 16
VisualStudioVersion = 16.0.30413.136
MinimumVisualStudioVersion = 10.0.40219.1
Project("{FAE04EC0-301F-11D3-BF4B-00C04F79EFBC}") = "EjecutableExamenFinal", "EjecutableExamenFinal\EjecutableExamenFinal.csproj", "{7BF8A1F6-E502-47E1-8F29-4F218258B84A}"
EndProject
Global
	GlobalSection(SolutionConfigurationPlatforms) = preSolution
		Debug|Any CPU = Debug|Any CPU
		Release|Any CPU = Release|Any CPU
	EndGlobalSection
	GlobalSection(ProjectConfigurationPlatforms) = postSolution
		{7BF8A1F6-E502-47E1-8F29-4F218258B84A}.Debug|Any CPU.ActiveCfg = Debug|Any CPU
		{7BF8A1F6-E502-47E1-8F29-4F218258B84A}.Debug|Any CPU.Build.0 = Debug|Any CPU
		{7BF8A1F6-E502-47E1-8F29-4F218258B84A}.Release|Any CPU.ActiveCfg = Release|Any CPU
		{7BF8A1F6-E502-47E1-8F29-4F218258B84A}.Release|Any CPU.Build.0 = Release|Any CPU
	EndGlobalSection
	GlobalSection(SolutionProperties) = preSolution
		HideSolutionNode = FALSE
	EndGlobalSection
	GlobalSection(ExtensibilityGlobals) = postSolution
		SolutionGuid = {870779EC-4B04-409F-9554-1B8F7965BD69}
	EndGlobalSection
EndGlobal
